<?xml version="1.0" encoding="utf-8"?>
<Project ToolsVersion="4.0" xmlns="http://schemas.microsoft.com/developer/msbuild/2003">
  <ItemGroup>
    <Filter Include="Source Files">
      <UniqueIdentifier>{4FC737F1-C7A5-4376-A066-2A32D752A2FF}</UniqueIdentifier>
      <Extensions>cpp;c;cc;cxx;def;odl;idl;hpj;bat;asm;asmx</Extensions>
    </Filter>
    <Filter Include="Header Files">
      <UniqueIdentifier>{93995380-89BD-4b04-88EB-625FBE52EBFB}</UniqueIdentifier>
      <Extensions>h;hh;hpp;hxx;hm;inl;inc;xsd</Extensions>
    </Filter>
    <Filter Include="Resource Files">
      <UniqueIdentifier>{67DA6AB6-F800-4c08-8B7A-83BB121AAD01}</UniqueIdentifier>
      <Extensions>rc;ico;cur;bmp;dlg;rc2;rct;bin;rgs;gif;jpg;jpeg;jpe;resx;tiff;tif;png;wav;mfcribbon-ms</Extensions>
    </Filter>
    <Filter Include="Shaders">
      <UniqueIdentifier>{bbdb33de-c39c-41a2-99cd-1ad78e39f5fc}</UniqueIdentifier>
    </Filter>
    <Filter Include="Source Files\Core">
      <UniqueIdentifier>{5236e51d-dac1-4a30-acef-c6655fb9310a}</UniqueIdentifier>
    </Filter>
    <Filter Include="Source Files\Shaders">
      <UniqueIdentifier>{25539dc2-114a-4362-894d-ffded25fc317}</UniqueIdentifier>
    </Filter>
    <Filter Include="Source Files\Meshes">
      <UniqueIdentifier>{9b395f44-f00b-4992-a7db-2727abce9537}</UniqueIdentifier>
    </Filter>
    <Filter Include="Source Files\Rendering">
      <UniqueIdentifier>{090b2092-277d-44bd-8865-3db716767e01}</UniqueIdentifier>
    </Filter>
  </ItemGroup>
  <ItemGroup>
    <ClCompile Include="src\Meshes\cube.cpp">
      <Filter>Source Files\Meshes</Filter>
    </ClCompile>
    <ClCompile Include="src\Core\input.cpp">
      <Filter>Source Files\Core</Filter>
    </ClCompile>
    <ClCompile Include="src\Core\game.cpp">
      <Filter>Source Files\Core</Filter>
    </ClCompile>
    <ClCompile Include="src\Rendering\material.cpp">
      <Filter>Source Files\Rendering</Filter>
    </ClCompile>
    <ClCompile Include="src\Rendering\mesh.cpp">
      <Filter>Source Files\Rendering</Filter>
    </ClCompile>
    <ClCompile Include="src\Rendering\renderEngine.cpp">
      <Filter>Source Files\Rendering</Filter>
    </ClCompile>
    <ClCompile Include="src\Rendering\shader.cpp">
      <Filter>Source Files\Rendering</Filter>
    </ClCompile>
    <ClCompile Include="src\Rendering\texture.cpp">
      <Filter>Source Files\Rendering</Filter>
    </ClCompile>
    <ClCompile Include="src\Rendering\window.cpp">
      <Filter>Source Files\Rendering</Filter>
    </ClCompile>
    <ClCompile Include="src\Rendering\camera.cpp">
      <Filter>Source Files\Rendering</Filter>
    </ClCompile>
    <ClCompile Include="src\Shaders\basicshader.cpp">
      <Filter>Source Files\Shaders</Filter>
    </ClCompile>
    <ClCompile Include="src\Shaders\phongshader.cpp">
      <Filter>Source Files\Shaders</Filter>
    </ClCompile>
    <ClCompile Include="src\meshes\plane.cpp">
      <Filter>Source Files\Meshes</Filter>
    </ClCompile>
    <ClCompile Include="src\core\core.cpp">
      <Filter>Source Files\Core</Filter>
    </ClCompile>
    <ClCompile Include="src\testgame.cpp">
      <Filter>Source Files</Filter>
    </ClCompile>
  </ItemGroup>
  <ItemGroup>
    <ClInclude Include="src\Meshes\cube.h">
      <Filter>Source Files\Meshes</Filter>
    </ClInclude>
    <ClInclude Include="src\Core\input.h">
      <Filter>Source Files\Core</Filter>
    </ClInclude>
    <ClInclude Include="src\Core\transform.h">
      <Filter>Source Files\Core</Filter>
    </ClInclude>
    <ClInclude Include="src\Core\common.h">
      <Filter>Source Files\Core</Filter>
    </ClInclude>
    <ClInclude Include="src\Core\game.h">
      <Filter>Source Files\Core</Filter>
    </ClInclude>
    <ClInclude Include="src\Rendering\material.h">
      <Filter>Source Files\Rendering</Filter>
    </ClInclude>
    <ClInclude Include="src\Rendering\mesh.h">
      <Filter>Source Files\Rendering</Filter>
    </ClInclude>
    <ClInclude Include="src\Rendering\renderEngine.h">
      <Filter>Source Files\Rendering</Filter>
    </ClInclude>
    <ClInclude Include="src\Rendering\shader.h">
      <Filter>Source Files\Rendering</Filter>
    </ClInclude>
    <ClInclude Include="src\Rendering\texture.h">
      <Filter>Source Files\Rendering</Filter>
    </ClInclude>
    <ClInclude Include="src\Rendering\window.h">
      <Filter>Source Files\Rendering</Filter>
    </ClInclude>
    <ClInclude Include="src\Rendering\camera.h">
      <Filter>Source Files\Rendering</Filter>
    </ClInclude>
    <ClInclude Include="src\Rendering\lighting.h">
      <Filter>Source Files\Rendering</Filter>
    </ClInclude>
    <ClInclude Include="src\Shaders\basicshhader.h">
      <Filter>Source Files\Shaders</Filter>
    </ClInclude>
    <ClInclude Include="src\meshes\plane.h">
      <Filter>Source Files\Meshes</Filter>
    </ClInclude>
    <ClInclude Include="test.h">
      <Filter>Header Files</Filter>
    </ClInclude>
    <ClInclude Include="src\core\core.h">
      <Filter>Source Files\Core</Filter>
    </ClInclude>
    <ClInclude Include="src\Shaders\phongshader.h">
      <Filter>Source Files\Shaders</Filter>
    </ClInclude>
    <ClInclude Include="src\testgame.h">
      <Filter>Source Files</Filter>
    </ClInclude>
  </ItemGroup>
  <ItemGroup>
    <None Include="data\shaders\simplevertex.glsl">
      <Filter>Shaders</Filter>
    </None>
    <None Include="data\shaders\phongfragment.glsl">
      <Filter>Shaders</Filter>
    </None>
    <None Include="data\shaders\phongvertex.glsl">
      <Filter>Shaders</Filter>
    </None>
    <None Include="data\shaders\simplefragment.glsl">
      <Filter>Shaders</Filter>
    </None>
  </ItemGroup>
</Project>